
Microsoft Visual Studio Solution File, Format Version 12.00
# Visual Studio Version 17
VisualStudioVersion = 17.5.33530.505
MinimumVisualStudioVersion = 10.0.40219.1
Project("{9A19103F-16F7-4668-BE54-9A1E7A4F7556}") = "ScreenCapture", "ScreenCapture.csproj", "{86696DA5-915D-4944-96DE-6AC96BF262DC}"
EndProject
Project("{2150E333-8FDC-42A3-9474-1A3956D46DE8}") = "Элементы решения", "Элементы решения", "{74FDD082-615E-46C1-9E74-29A07EF4D100}"
	ProjectSection(SolutionItems) = preProject
		ScreenCaptureController = ScreenCaptureController
	EndProjectSection
EndProject
Global
	GlobalSection(SolutionConfigurationPlatforms) = preSolution
		Debug|Any CPU = Debug|Any CPU
		Release|Any CPU = Release|Any CPU
	EndGlobalSection
	GlobalSection(ProjectConfigurationPlatforms) = postSolution
		{86696DA5-915D-4944-96DE-6AC96BF262DC}.Debug|Any CPU.ActiveCfg = Debug|Any CPU
		{86696DA5-915D-4944-96DE-6AC96BF262DC}.Debug|Any CPU.Build.0 = Debug|Any CPU
		{86696DA5-915D-4944-96DE-6AC96BF262DC}.Release|Any CPU.ActiveCfg = Release|Any CPU
		{86696DA5-915D-4944-96DE-6AC96BF262DC}.Release|Any CPU.Build.0 = Release|Any CPU
	EndGlobalSection
	GlobalSection(SolutionProperties) = preSolution
		HideSolutionNode = FALSE
	EndGlobalSection
	GlobalSection(ExtensibilityGlobals) = postSolution
		SolutionGuid = {17B708D9-4F5E-46AE-AAD0-B78DBD8A1F90}
	EndGlobalSection
EndGlobal
